
Microsoft Visual Studio Solution File, Format Version 12.00
# Visual Studio Version 17
VisualStudioVersion = 17.1.32228.430
MinimumVisualStudioVersion = 10.0.40219.1
Project("{9A19103F-16F7-4668-BE54-9A1E7A4F7556}") = "Store", "Store\Store.csproj", "{2E6A4434-B8EF-4258-AC26-EC41A10D69C0}"
EndProject
Project("{FAE04EC0-301F-11D3-BF4B-00C04F79EFBC}") = "DbModel", "DbModel\DbModel.csproj", "{450D0100-5487-443E-92E6-91701C6331F5}"
EndProject
Global
	GlobalSection(SolutionConfigurationPlatforms) = preSolution
		Debug|Any CPU = Debug|Any CPU
		Release|Any CPU = Release|Any CPU
	EndGlobalSection
	GlobalSection(ProjectConfigurationPlatforms) = postSolution
		{2E6A4434-B8EF-4258-AC26-EC41A10D69C0}.Debug|Any CPU.ActiveCfg = Debug|Any CPU
		{2E6A4434-B8EF-4258-AC26-EC41A10D69C0}.Debug|Any CPU.Build.0 = Debug|Any CPU
		{2E6A4434-B8EF-4258-AC26-EC41A10D69C0}.Release|Any CPU.ActiveCfg = Release|Any CPU
		{2E6A4434-B8EF-4258-AC26-EC41A10D69C0}.Release|Any CPU.Build.0 = Release|Any CPU
		{450D0100-5487-443E-92E6-91701C6331F5}.Debug|Any CPU.ActiveCfg = Debug|Any CPU
		{450D0100-5487-443E-92E6-91701C6331F5}.Debug|Any CPU.Build.0 = Debug|Any CPU
		{450D0100-5487-443E-92E6-91701C6331F5}.Release|Any CPU.ActiveCfg = Release|Any CPU
		{450D0100-5487-443E-92E6-91701C6331F5}.Release|Any CPU.Build.0 = Release|Any CPU
	EndGlobalSection
	GlobalSection(SolutionProperties) = preSolution
		HideSolutionNode = FALSE
	EndGlobalSection
	GlobalSection(ExtensibilityGlobals) = postSolution
		SolutionGuid = {1BF16AE2-B165-4B65-B9C5-1D2B3FA65337}
	EndGlobalSection
EndGlobal
